
Microsoft Visual Studio Solution File, Format Version 12.00
# Visual Studio Version 16
VisualStudioVersion = 16.0.29102.190
MinimumVisualStudioVersion = 10.0.40219.1
Project("{9A19103F-16F7-4668-BE54-9A1E7A4F7556}") = "HiitApp.Core", "HiitApp.Core\HiitApp.Core.csproj", "{81C04425-7885-4274-B2EB-CBF22627FF2D}"
EndProject
Project("{FAE04EC0-301F-11D3-BF4B-00C04F79EFBC}") = "HiitApp.Droid", "HiitApp.Droid\HiitApp.Droid.csproj", "{A80A5B73-9701-4BD1-953A-D8F3C7D876A9}"
EndProject
Project("{FAE04EC0-301F-11D3-BF4B-00C04F79EFBC}") = "HiitApp.iOS", "HiitApp.iOS\HiitApp.iOS.csproj", "{DD2A4E7C-275D-494E-8D05-23EC961E4DBE}"
EndProject
Project("{FAE04EC0-301F-11D3-BF4B-00C04F79EFBC}") = "HiitApp.Core.Tests", "HiitAp.Core.Tests\HiitApp.Core.Tests.csproj", "{8BDED716-CAA1-4180-9D45-8553E0ED7A7D}"
EndProject
Global
	GlobalSection(SolutionConfigurationPlatforms) = preSolution
		Ad-Hoc|Any CPU = Ad-Hoc|Any CPU
		Ad-Hoc|ARM = Ad-Hoc|ARM
		Ad-Hoc|iPhone = Ad-Hoc|iPhone
		Ad-Hoc|iPhoneSimulator = Ad-Hoc|iPhoneSimulator
		Ad-Hoc|x64 = Ad-Hoc|x64
		Ad-Hoc|x86 = Ad-Hoc|x86
		AppStore|Any CPU = AppStore|Any CPU
		AppStore|ARM = AppStore|ARM
		AppStore|iPhone = AppStore|iPhone
		AppStore|iPhoneSimulator = AppStore|iPhoneSimulator
		AppStore|x64 = AppStore|x64
		AppStore|x86 = AppStore|x86
		Debug|Any CPU = Debug|Any CPU
		Debug|ARM = Debug|ARM
		Debug|iPhone = Debug|iPhone
		Debug|iPhoneSimulator = Debug|iPhoneSimulator
		Debug|x64 = Debug|x64
		Debug|x86 = Debug|x86
		Release|Any CPU = Release|Any CPU
		Release|ARM = Release|ARM
		Release|iPhone = Release|iPhone
		Release|iPhoneSimulator = Release|iPhoneSimulator
		Release|x64 = Release|x64
		Release|x86 = Release|x86
	EndGlobalSection
	GlobalSection(ProjectConfigurationPlatforms) = postSolution
		{81C04425-7885-4274-B2EB-CBF22627FF2D}.Ad-Hoc|Any CPU.ActiveCfg = Debug|Any CPU
		{81C04425-7885-4274-B2EB-CBF22627FF2D}.Ad-Hoc|Any CPU.Build.0 = Debug|Any CPU
		{81C04425-7885-4274-B2EB-CBF22627FF2D}.Ad-Hoc|ARM.ActiveCfg = Debug|Any CPU
		{81C04425-7885-4274-B2EB-CBF22627FF2D}.Ad-Hoc|ARM.Build.0 = Debug|Any CPU
		{81C04425-7885-4274-B2EB-CBF22627FF2D}.Ad-Hoc|iPhone.ActiveCfg = Debug|Any CPU
		{81C04425-7885-4274-B2EB-CBF22627FF2D}.Ad-Hoc|iPhone.Build.0 = Debug|Any CPU
		{81C04425-7885-4274-B2EB-CBF22627FF2D}.Ad-Hoc|iPhoneSimulator.ActiveCfg = Debug|Any CPU
		{81C04425-7885-4274-B2EB-CBF22627FF2D}.Ad-Hoc|iPhoneSimulator.Build.0 = Debug|Any CPU
		{81C04425-7885-4274-B2EB-CBF22627FF2D}.Ad-Hoc|x64.ActiveCfg = Debug|Any CPU
		{81C04425-7885-4274-B2EB-CBF22627FF2D}.Ad-Hoc|x64.Build.0 = Debug|Any CPU
		{81C04425-7885-4274-B2EB-CBF22627FF2D}.Ad-Hoc|x86.ActiveCfg = Debug|Any CPU
		{81C04425-7885-4274-B2EB-CBF22627FF2D}.Ad-Hoc|x86.Build.0 = Debug|Any CPU
		{81C04425-7885-4274-B2EB-CBF22627FF2D}.AppStore|Any CPU.ActiveCfg = Debug|Any CPU
		{81C04425-7885-4274-B2EB-CBF22627FF2D}.AppStore|Any CPU.Build.0 = Debug|Any CPU
		{81C04425-7885-4274-B2EB-CBF22627FF2D}.AppStore|ARM.ActiveCfg = Debug|Any CPU
		{81C04425-7885-4274-B2EB-CBF22627FF2D}.AppStore|ARM.Build.0 = Debug|Any CPU
		{81C04425-7885-4274-B2EB-CBF22627FF2D}.AppStore|iPhone.ActiveCfg = Debug|Any CPU
		{81C04425-7885-4274-B2EB-CBF22627FF2D}.AppStore|iPhone.Build.0 = Debug|Any CPU
		{81C04425-7885-4274-B2EB-CBF22627FF2D}.AppStore|iPhoneSimulator.ActiveCfg = Debug|Any CPU
		{81C04425-7885-4274-B2EB-CBF22627FF2D}.AppStore|iPhoneSimulator.Build.0 = Debug|Any CPU
		{81C04425-7885-4274-B2EB-CBF22627FF2D}.AppStore|x64.ActiveCfg = Debug|Any CPU
		{81C04425-7885-4274-B2EB-CBF22627FF2D}.AppStore|x64.Build.0 = Debug|Any CPU
		{81C04425-7885-4274-B2EB-CBF22627FF2D}.AppStore|x86.ActiveCfg = Debug|Any CPU
		{81C04425-7885-4274-B2EB-CBF22627FF2D}.AppStore|x86.Build.0 = Debug|Any CPU
		{81C04425-7885-4274-B2EB-CBF22627FF2D}.Debug|Any CPU.ActiveCfg = Debug|Any CPU
		{81C04425-7885-4274-B2EB-CBF22627FF2D}.Debug|Any CPU.Build.0 = Debug|Any CPU
		{81C04425-7885-4274-B2EB-CBF22627FF2D}.Debug|ARM.ActiveCfg = Debug|Any CPU
		{81C04425-7885-4274-B2EB-CBF22627FF2D}.Debug|ARM.Build.0 = Debug|Any CPU
		{81C04425-7885-4274-B2EB-CBF22627FF2D}.Debug|iPhone.ActiveCfg = Debug|Any CPU
		{81C04425-7885-4274-B2EB-CBF22627FF2D}.Debug|iPhone.Build.0 = Debug|Any CPU
		{81C04425-7885-4274-B2EB-CBF22627FF2D}.Debug|iPhoneSimulator.ActiveCfg = Debug|Any CPU
		{81C04425-7885-4274-B2EB-CBF22627FF2D}.Debug|iPhoneSimulator.Build.0 = Debug|Any CPU
		{81C04425-7885-4274-B2EB-CBF22627FF2D}.Debug|x64.ActiveCfg = Debug|Any CPU
		{81C04425-7885-4274-B2EB-CBF22627FF2D}.Debug|x64.Build.0 = Debug|Any CPU
		{81C04425-7885-4274-B2EB-CBF22627FF2D}.Debug|x86.ActiveCfg = Debug|Any CPU
		{81C04425-7885-4274-B2EB-CBF22627FF2D}.Debug|x86.Build.0 = Debug|Any CPU
		{81C04425-7885-4274-B2EB-CBF22627FF2D}.Release|Any CPU.ActiveCfg = Release|Any CPU
		{81C04425-7885-4274-B2EB-CBF22627FF2D}.Release|Any CPU.Build.0 = Release|Any CPU
		{81C04425-7885-4274-B2EB-CBF22627FF2D}.Release|ARM.ActiveCfg = Release|Any CPU
		{81C04425-7885-4274-B2EB-CBF22627FF2D}.Release|ARM.Build.0 = Release|Any CPU
		{81C04425-7885-4274-B2EB-CBF22627FF2D}.Release|iPhone.ActiveCfg = Release|Any CPU
		{81C04425-7885-4274-B2EB-CBF22627FF2D}.Release|iPhone.Build.0 = Release|Any CPU
		{81C04425-7885-4274-B2EB-CBF22627FF2D}.Release|iPhoneSimulator.ActiveCfg = Release|Any CPU
		{81C04425-7885-4274-B2EB-CBF22627FF2D}.Release|iPhoneSimulator.Build.0 = Release|Any CPU
		{81C04425-7885-4274-B2EB-CBF22627FF2D}.Release|x64.ActiveCfg = Release|Any CPU
		{81C04425-7885-4274-B2EB-CBF22627FF2D}.Release|x64.Build.0 = Release|Any CPU
		{81C04425-7885-4274-B2EB-CBF22627FF2D}.Release|x86.ActiveCfg = Release|Any CPU
		{81C04425-7885-4274-B2EB-CBF22627FF2D}.Release|x86.Build.0 = Release|Any CPU
		{A80A5B73-9701-4BD1-953A-D8F3C7D876A9}.Ad-Hoc|Any CPU.ActiveCfg = Release|Any CPU
		{A80A5B73-9701-4BD1-953A-D8F3C7D876A9}.Ad-Hoc|Any CPU.Build.0 = Release|Any CPU
		{A80A5B73-9701-4BD1-953A-D8F3C7D876A9}.Ad-Hoc|Any CPU.Deploy.0 = Release|Any CPU
		{A80A5B73-9701-4BD1-953A-D8F3C7D876A9}.Ad-Hoc|ARM.ActiveCfg = Release|Any CPU
		{A80A5B73-9701-4BD1-953A-D8F3C7D876A9}.Ad-Hoc|ARM.Build.0 = Release|Any CPU
		{A80A5B73-9701-4BD1-953A-D8F3C7D876A9}.Ad-Hoc|ARM.Deploy.0 = Release|Any CPU
		{A80A5B73-9701-4BD1-953A-D8F3C7D876A9}.Ad-Hoc|iPhone.ActiveCfg = Release|Any CPU
		{A80A5B73-9701-4BD1-953A-D8F3C7D876A9}.Ad-Hoc|iPhone.Build.0 = Release|Any CPU
		{A80A5B73-9701-4BD1-953A-D8F3C7D876A9}.Ad-Hoc|iPhone.Deploy.0 = Release|Any CPU
		{A80A5B73-9701-4BD1-953A-D8F3C7D876A9}.Ad-Hoc|iPhoneSimulator.ActiveCfg = Release|Any CPU
		{A80A5B73-9701-4BD1-953A-D8F3C7D876A9}.Ad-Hoc|iPhoneSimulator.Build.0 = Release|Any CPU
		{A80A5B73-9701-4BD1-953A-D8F3C7D876A9}.Ad-Hoc|iPhoneSimulator.Deploy.0 = Release|Any CPU
		{A80A5B73-9701-4BD1-953A-D8F3C7D876A9}.Ad-Hoc|x64.ActiveCfg = Release|Any CPU
		{A80A5B73-9701-4BD1-953A-D8F3C7D876A9}.Ad-Hoc|x64.Build.0 = Release|Any CPU
		{A80A5B73-9701-4BD1-953A-D8F3C7D876A9}.Ad-Hoc|x64.Deploy.0 = Release|Any CPU
		{A80A5B73-9701-4BD1-953A-D8F3C7D876A9}.Ad-Hoc|x86.ActiveCfg = Release|Any CPU
		{A80A5B73-9701-4BD1-953A-D8F3C7D876A9}.Ad-Hoc|x86.Build.0 = Release|Any CPU
		{A80A5B73-9701-4BD1-953A-D8F3C7D876A9}.Ad-Hoc|x86.Deploy.0 = Release|Any CPU
		{A80A5B73-9701-4BD1-953A-D8F3C7D876A9}.AppStore|Any CPU.ActiveCfg = Release|Any CPU
		{A80A5B73-9701-4BD1-953A-D8F3C7D876A9}.AppStore|Any CPU.Build.0 = Release|Any CPU
		{A80A5B73-9701-4BD1-953A-D8F3C7D876A9}.AppStore|Any CPU.Deploy.0 = Release|Any CPU
		{A80A5B73-9701-4BD1-953A-D8F3C7D876A9}.AppStore|ARM.ActiveCfg = Release|Any CPU
		{A80A5B73-9701-4BD1-953A-D8F3C7D876A9}.AppStore|ARM.Build.0 = Release|Any CPU
		{A80A5B73-9701-4BD1-953A-D8F3C7D876A9}.AppStore|ARM.Deploy.0 = Release|Any CPU
		{A80A5B73-9701-4BD1-953A-D8F3C7D876A9}.AppStore|iPhone.ActiveCfg = Release|Any CPU
		{A80A5B73-9701-4BD1-953A-D8F3C7D876A9}.AppStore|iPhone.Build.0 = Release|Any CPU
		{A80A5B73-9701-4BD1-953A-D8F3C7D876A9}.AppStore|iPhone.Deploy.0 = Release|Any CPU
		{A80A5B73-9701-4BD1-953A-D8F3C7D876A9}.AppStore|iPhoneSimulator.ActiveCfg = Release|Any CPU
		{A80A5B73-9701-4BD1-953A-D8F3C7D876A9}.AppStore|iPhoneSimulator.Build.0 = Release|Any CPU
		{A80A5B73-9701-4BD1-953A-D8F3C7D876A9}.AppStore|iPhoneSimulator.Deploy.0 = Release|Any CPU
		{A80A5B73-9701-4BD1-953A-D8F3C7D876A9}.AppStore|x64.ActiveCfg = Release|Any CPU
		{A80A5B73-9701-4BD1-953A-D8F3C7D876A9}.AppStore|x64.Build.0 = Release|Any CPU
		{A80A5B73-9701-4BD1-953A-D8F3C7D876A9}.AppStore|x64.Deploy.0 = Release|Any CPU
		{A80A5B73-9701-4BD1-953A-D8F3C7D876A9}.AppStore|x86.ActiveCfg = Release|Any CPU
		{A80A5B73-9701-4BD1-953A-D8F3C7D876A9}.AppStore|x86.Build.0 = Release|Any CPU
		{A80A5B73-9701-4BD1-953A-D8F3C7D876A9}.AppStore|x86.Deploy.0 = Release|Any CPU
		{A80A5B73-9701-4BD1-953A-D8F3C7D876A9}.Debug|Any CPU.ActiveCfg = Debug|Any CPU
		{A80A5B73-9701-4BD1-953A-D8F3C7D876A9}.Debug|Any CPU.Build.0 = Debug|Any CPU
		{A80A5B73-9701-4BD1-953A-D8F3C7D876A9}.Debug|Any CPU.Deploy.0 = Debug|Any CPU
		{A80A5B73-9701-4BD1-953A-D8F3C7D876A9}.Debug|ARM.ActiveCfg = Debug|Any CPU
		{A80A5B73-9701-4BD1-953A-D8F3C7D876A9}.Debug|ARM.Build.0 = Debug|Any CPU
		{A80A5B73-9701-4BD1-953A-D8F3C7D876A9}.Debug|ARM.Deploy.0 = Debug|Any CPU
		{A80A5B73-9701-4BD1-953A-D8F3C7D876A9}.Debug|iPhone.ActiveCfg = Debug|Any CPU
		{A80A5B73-9701-4BD1-953A-D8F3C7D876A9}.Debug|iPhone.Build.0 = Debug|Any CPU
		{A80A5B73-9701-4BD1-953A-D8F3C7D876A9}.Debug|iPhone.Deploy.0 = Debug|Any CPU
		{A80A5B73-9701-4BD1-953A-D8F3C7D876A9}.Debug|iPhoneSimulator.ActiveCfg = Debug|Any CPU
		{A80A5B73-9701-4BD1-953A-D8F3C7D876A9}.Debug|iPhoneSimulator.Build.0 = Debug|Any CPU
		{A80A5B73-9701-4BD1-953A-D8F3C7D876A9}.Debug|iPhoneSimulator.Deploy.0 = Debug|Any CPU
		{A80A5B73-9701-4BD1-953A-D8F3C7D876A9}.Debug|x64.ActiveCfg = Debug|Any CPU
		{A80A5B73-9701-4BD1-953A-D8F3C7D876A9}.Debug|x64.Build.0 = Debug|Any CPU
		{A80A5B73-9701-4BD1-953A-D8F3C7D876A9}.Debug|x64.Deploy.0 = Debug|Any CPU
		{A80A5B73-9701-4BD1-953A-D8F3C7D876A9}.Debug|x86.ActiveCfg = Debug|Any CPU
		{A80A5B73-9701-4BD1-953A-D8F3C7D876A9}.Debug|x86.Build.0 = Debug|Any CPU
		{A80A5B73-9701-4BD1-953A-D8F3C7D876A9}.Debug|x86.Deploy.0 = Debug|Any CPU
		{A80A5B73-9701-4BD1-953A-D8F3C7D876A9}.Release|Any CPU.ActiveCfg = Release|Any CPU
		{A80A5B73-9701-4BD1-953A-D8F3C7D876A9}.Release|Any CPU.Build.0 = Release|Any CPU
		{A80A5B73-9701-4BD1-953A-D8F3C7D876A9}.Release|Any CPU.Deploy.0 = Release|Any CPU
		{A80A5B73-9701-4BD1-953A-D8F3C7D876A9}.Release|ARM.ActiveCfg = Release|Any CPU
		{A80A5B73-9701-4BD1-953A-D8F3C7D876A9}.Release|ARM.Build.0 = Release|Any CPU
		{A80A5B73-9701-4BD1-953A-D8F3C7D876A9}.Release|ARM.Deploy.0 = Release|Any CPU
		{A80A5B73-9701-4BD1-953A-D8F3C7D876A9}.Release|iPhone.ActiveCfg = Release|Any CPU
		{A80A5B73-9701-4BD1-953A-D8F3C7D876A9}.Release|iPhone.Build.0 = Release|Any CPU
		{A80A5B73-9701-4BD1-953A-D8F3C7D876A9}.Release|iPhone.Deploy.0 = Release|Any CPU
		{A80A5B73-9701-4BD1-953A-D8F3C7D876A9}.Release|iPhoneSimulator.ActiveCfg = Release|Any CPU
		{A80A5B73-9701-4BD1-953A-D8F3C7D876A9}.Release|iPhoneSimulator.Build.0 = Release|Any CPU
		{A80A5B73-9701-4BD1-953A-D8F3C7D876A9}.Release|iPhoneSimulator.Deploy.0 = Release|Any CPU
		{A80A5B73-9701-4BD1-953A-D8F3C7D876A9}.Release|x64.ActiveCfg = Release|Any CPU
		{A80A5B73-9701-4BD1-953A-D8F3C7D876A9}.Release|x64.Build.0 = Release|Any CPU
		{A80A5B73-9701-4BD1-953A-D8F3C7D876A9}.Release|x64.Deploy.0 = Release|Any CPU
		{A80A5B73-9701-4BD1-953A-D8F3C7D876A9}.Release|x86.ActiveCfg = Release|Any CPU
		{A80A5B73-9701-4BD1-953A-D8F3C7D876A9}.Release|x86.Build.0 = Release|Any CPU
		{A80A5B73-9701-4BD1-953A-D8F3C7D876A9}.Release|x86.Deploy.0 = Release|Any CPU
		{DD2A4E7C-275D-494E-8D05-23EC961E4DBE}.Ad-Hoc|Any CPU.ActiveCfg = Ad-Hoc|iPhone
		{DD2A4E7C-275D-494E-8D05-23EC961E4DBE}.Ad-Hoc|ARM.ActiveCfg = Ad-Hoc|iPhone
		{DD2A4E7C-275D-494E-8D05-23EC961E4DBE}.Ad-Hoc|iPhone.ActiveCfg = Ad-Hoc|iPhone
		{DD2A4E7C-275D-494E-8D05-23EC961E4DBE}.Ad-Hoc|iPhone.Build.0 = Ad-Hoc|iPhone
		{DD2A4E7C-275D-494E-8D05-23EC961E4DBE}.Ad-Hoc|iPhoneSimulator.ActiveCfg = Ad-Hoc|iPhoneSimulator
		{DD2A4E7C-275D-494E-8D05-23EC961E4DBE}.Ad-Hoc|iPhoneSimulator.Build.0 = Ad-Hoc|iPhoneSimulator
		{DD2A4E7C-275D-494E-8D05-23EC961E4DBE}.Ad-Hoc|x64.ActiveCfg = Ad-Hoc|iPhone
		{DD2A4E7C-275D-494E-8D05-23EC961E4DBE}.Ad-Hoc|x86.ActiveCfg = Ad-Hoc|iPhone
		{DD2A4E7C-275D-494E-8D05-23EC961E4DBE}.AppStore|Any CPU.ActiveCfg = AppStore|iPhone
		{DD2A4E7C-275D-494E-8D05-23EC961E4DBE}.AppStore|ARM.ActiveCfg = AppStore|iPhone
		{DD2A4E7C-275D-494E-8D05-23EC961E4DBE}.AppStore|iPhone.ActiveCfg = AppStore|iPhone
		{DD2A4E7C-275D-494E-8D05-23EC961E4DBE}.AppStore|iPhone.Build.0 = AppStore|iPhone
		{DD2A4E7C-275D-494E-8D05-23EC961E4DBE}.AppStore|iPhoneSimulator.ActiveCfg = AppStore|iPhoneSimulator
		{DD2A4E7C-275D-494E-8D05-23EC961E4DBE}.AppStore|iPhoneSimulator.Build.0 = AppStore|iPhoneSimulator
		{DD2A4E7C-275D-494E-8D05-23EC961E4DBE}.AppStore|x64.ActiveCfg = AppStore|iPhone
		{DD2A4E7C-275D-494E-8D05-23EC961E4DBE}.AppStore|x86.ActiveCfg = AppStore|iPhone
		{DD2A4E7C-275D-494E-8D05-23EC961E4DBE}.Debug|Any CPU.ActiveCfg = Debug|iPhone
		{DD2A4E7C-275D-494E-8D05-23EC961E4DBE}.Debug|ARM.ActiveCfg = Debug|iPhone
		{DD2A4E7C-275D-494E-8D05-23EC961E4DBE}.Debug|iPhone.ActiveCfg = Debug|iPhone
		{DD2A4E7C-275D-494E-8D05-23EC961E4DBE}.Debug|iPhone.Build.0 = Debug|iPhone
		{DD2A4E7C-275D-494E-8D05-23EC961E4DBE}.Debug|iPhoneSimulator.ActiveCfg = Debug|iPhoneSimulator
		{DD2A4E7C-275D-494E-8D05-23EC961E4DBE}.Debug|iPhoneSimulator.Build.0 = Debug|iPhoneSimulator
		{DD2A4E7C-275D-494E-8D05-23EC961E4DBE}.Debug|x64.ActiveCfg = Debug|iPhone
		{DD2A4E7C-275D-494E-8D05-23EC961E4DBE}.Debug|x86.ActiveCfg = Debug|iPhone
		{DD2A4E7C-275D-494E-8D05-23EC961E4DBE}.Release|Any CPU.ActiveCfg = Release|iPhone
		{DD2A4E7C-275D-494E-8D05-23EC961E4DBE}.Release|ARM.ActiveCfg = Release|iPhone
		{DD2A4E7C-275D-494E-8D05-23EC961E4DBE}.Release|iPhone.ActiveCfg = Release|iPhone
		{DD2A4E7C-275D-494E-8D05-23EC961E4DBE}.Release|iPhone.Build.0 = Release|iPhone
		{DD2A4E7C-275D-494E-8D05-23EC961E4DBE}.Release|iPhoneSimulator.ActiveCfg = Release|iPhoneSimulator
		{DD2A4E7C-275D-494E-8D05-23EC961E4DBE}.Release|iPhoneSimulator.Build.0 = Release|iPhoneSimulator
		{DD2A4E7C-275D-494E-8D05-23EC961E4DBE}.Release|x64.ActiveCfg = Release|iPhone
		{DD2A4E7C-275D-494E-8D05-23EC961E4DBE}.Release|x86.ActiveCfg = Release|iPhone
		{8BDED716-CAA1-4180-9D45-8553E0ED7A7D}.Ad-Hoc|Any CPU.ActiveCfg = Release|Any CPU
		{8BDED716-CAA1-4180-9D45-8553E0ED7A7D}.Ad-Hoc|Any CPU.Build.0 = Release|Any CPU
		{8BDED716-CAA1-4180-9D45-8553E0ED7A7D}.Ad-Hoc|ARM.ActiveCfg = Release|Any CPU
		{8BDED716-CAA1-4180-9D45-8553E0ED7A7D}.Ad-Hoc|ARM.Build.0 = Release|Any CPU
		{8BDED716-CAA1-4180-9D45-8553E0ED7A7D}.Ad-Hoc|iPhone.ActiveCfg = Release|Any CPU
		{8BDED716-CAA1-4180-9D45-8553E0ED7A7D}.Ad-Hoc|iPhone.Build.0 = Release|Any CPU
		{8BDED716-CAA1-4180-9D45-8553E0ED7A7D}.Ad-Hoc|iPhoneSimulator.ActiveCfg = Release|Any CPU
		{8BDED716-CAA1-4180-9D45-8553E0ED7A7D}.Ad-Hoc|iPhoneSimulator.Build.0 = Release|Any CPU
		{8BDED716-CAA1-4180-9D45-8553E0ED7A7D}.Ad-Hoc|x64.ActiveCfg = Release|Any CPU
		{8BDED716-CAA1-4180-9D45-8553E0ED7A7D}.Ad-Hoc|x64.Build.0 = Release|Any CPU
		{8BDED716-CAA1-4180-9D45-8553E0ED7A7D}.Ad-Hoc|x86.ActiveCfg = Release|Any CPU
		{8BDED716-CAA1-4180-9D45-8553E0ED7A7D}.Ad-Hoc|x86.Build.0 = Release|Any CPU
		{8BDED716-CAA1-4180-9D45-8553E0ED7A7D}.AppStore|Any CPU.ActiveCfg = Release|Any CPU
		{8BDED716-CAA1-4180-9D45-8553E0ED7A7D}.AppStore|Any CPU.Build.0 = Release|Any CPU
		{8BDED716-CAA1-4180-9D45-8553E0ED7A7D}.AppStore|ARM.ActiveCfg = Release|Any CPU
		{8BDED716-CAA1-4180-9D45-8553E0ED7A7D}.AppStore|ARM.Build.0 = Release|Any CPU
		{8BDED716-CAA1-4180-9D45-8553E0ED7A7D}.AppStore|iPhone.ActiveCfg = Release|Any CPU
		{8BDED716-CAA1-4180-9D45-8553E0ED7A7D}.AppStore|iPhone.Build.0 = Release|Any CPU
		{8BDED716-CAA1-4180-9D45-8553E0ED7A7D}.AppStore|iPhoneSimulator.ActiveCfg = Release|Any CPU
		{8BDED716-CAA1-4180-9D45-8553E0ED7A7D}.AppStore|iPhoneSimulator.Build.0 = Release|Any CPU
		{8BDED716-CAA1-4180-9D45-8553E0ED7A7D}.AppStore|x64.ActiveCfg = Release|Any CPU
		{8BDED716-CAA1-4180-9D45-8553E0ED7A7D}.AppStore|x64.Build.0 = Release|Any CPU
		{8BDED716-CAA1-4180-9D45-8553E0ED7A7D}.AppStore|x86.ActiveCfg = Release|Any CPU
		{8BDED716-CAA1-4180-9D45-8553E0ED7A7D}.AppStore|x86.Build.0 = Release|Any CPU
		{8BDED716-CAA1-4180-9D45-8553E0ED7A7D}.Debug|Any CPU.ActiveCfg = Debug|Any CPU
		{8BDED716-CAA1-4180-9D45-8553E0ED7A7D}.Debug|Any CPU.Build.0 = Debug|Any CPU
		{8BDED716-CAA1-4180-9D45-8553E0ED7A7D}.Debug|ARM.ActiveCfg = Debug|Any CPU
		{8BDED716-CAA1-4180-9D45-8553E0ED7A7D}.Debug|ARM.Build.0 = Debug|Any CPU
		{8BDED716-CAA1-4180-9D45-8553E0ED7A7D}.Debug|iPhone.ActiveCfg = Debug|Any CPU
		{8BDED716-CAA1-4180-9D45-8553E0ED7A7D}.Debug|iPhone.Build.0 = Debug|Any CPU
		{8BDED716-CAA1-4180-9D45-8553E0ED7A7D}.Debug|iPhoneSimulator.ActiveCfg = Debug|Any CPU
		{8BDED716-CAA1-4180-9D45-8553E0ED7A7D}.Debug|iPhoneSimulator.Build.0 = Debug|Any CPU
		{8BDED716-CAA1-4180-9D45-8553E0ED7A7D}.Debug|x64.ActiveCfg = Debug|Any CPU
		{8BDED716-CAA1-4180-9D45-8553E0ED7A7D}.Debug|x64.Build.0 = Debug|Any CPU
		{8BDED716-CAA1-4180-9D45-8553E0ED7A7D}.Debug|x86.ActiveCfg = Debug|Any CPU
		{8BDED716-CAA1-4180-9D45-8553E0ED7A7D}.Debug|x86.Build.0 = Debug|Any CPU
		{8BDED716-CAA1-4180-9D45-8553E0ED7A7D}.Release|Any CPU.ActiveCfg = Release|Any CPU
		{8BDED716-CAA1-4180-9D45-8553E0ED7A7D}.Release|Any CPU.Build.0 = Release|Any CPU
		{8BDED716-CAA1-4180-9D45-8553E0ED7A7D}.Release|ARM.ActiveCfg = Release|Any CPU
		{8BDED716-CAA1-4180-9D45-8553E0ED7A7D}.Release|ARM.Build.0 = Release|Any CPU
		{8BDED716-CAA1-4180-9D45-8553E0ED7A7D}.Release|iPhone.ActiveCfg = Release|Any CPU
		{8BDED716-CAA1-4180-9D45-8553E0ED7A7D}.Release|iPhone.Build.0 = Release|Any CPU
		{8BDED716-CAA1-4180-9D45-8553E0ED7A7D}.Release|iPhoneSimulator.ActiveCfg = Release|Any CPU
		{8BDED716-CAA1-4180-9D45-8553E0ED7A7D}.Release|iPhoneSimulator.Build.0 = Release|Any CPU
		{8BDED716-CAA1-4180-9D45-8553E0ED7A7D}.Release|x64.ActiveCfg = Release|Any CPU
		{8BDED716-CAA1-4180-9D45-8553E0ED7A7D}.Release|x64.Build.0 = Release|Any CPU
		{8BDED716-CAA1-4180-9D45-8553E0ED7A7D}.Release|x86.ActiveCfg = Release|Any CPU
		{8BDED716-CAA1-4180-9D45-8553E0ED7A7D}.Release|x86.Build.0 = Release|Any CPU
	EndGlobalSection
	GlobalSection(SolutionProperties) = preSolution
		HideSolutionNode = FALSE
	EndGlobalSection
	GlobalSection(ExtensibilityGlobals) = postSolution
		SolutionGuid = {89468F57-3B94-4F8A-9AE8-9416D8E69288}
	EndGlobalSection
EndGlobal
